// !$*UTF8*$!
{
	archiveVersion = 1;
	classes = {
	};
	objectVersion = 46;
	objects = {

/* Begin PBXBuildFile section */
		F700AE9A1EB2EF9A008DC85C /* Main.storyboard in Resources */ = {isa = PBXBuildFile; fileRef = F700AE981EB2EF9A008DC85C /* Main.storyboard */; };
		F700AE9C1EB2EF9A008DC85C /* Assets.xcassets in Resources */ = {isa = PBXBuildFile; fileRef = F700AE9B1EB2EF9A008DC85C /* Assets.xcassets */; };
		F700AE9F1EB2EF9A008DC85C /* LaunchScreen.storyboard in Resources */ = {isa = PBXBuildFile; fileRef = F700AE9D1EB2EF9A008DC85C /* LaunchScreen.storyboard */; };
		F700AEF21EB2F012008DC85C /* AppDelegate.swift in Sources */ = {isa = PBXBuildFile; fileRef = F700AEAB1EB2F011008DC85C /* AppDelegate.swift */; };
		F700AEF31EB2F012008DC85C /* DetailViewController.swift in Sources */ = {isa = PBXBuildFile; fileRef = F700AEAC1EB2F011008DC85C /* DetailViewController.swift */; };
		F700AEF41EB2F012008DC85C /* MasterViewController.swift in Sources */ = {isa = PBXBuildFile; fileRef = F700AEAD1EB2F011008DC85C /* MasterViewController.swift */; };
		F700AEF51EB2F012008DC85C /* Constant.swift in Sources */ = {isa = PBXBuildFile; fileRef = F700AEAF1EB2F011008DC85C /* Constant.swift */; };
		F700AEF61EB2F012008DC85C /* Reachability.swift in Sources */ = {isa = PBXBuildFile; fileRef = F700AEB01EB2F011008DC85C /* Reachability.swift */; };
		F700AEF71EB2F012008DC85C /* MKAnnotationView+WebCache.m in Sources */ = {isa = PBXBuildFile; fileRef = F700AEB41EB2F011008DC85C /* MKAnnotationView+WebCache.m */; };
		F700AEF81EB2F012008DC85C /* NSData+ImageContentType.m in Sources */ = {isa = PBXBuildFile; fileRef = F700AEB61EB2F012008DC85C /* NSData+ImageContentType.m */; };
		F700AEF91EB2F012008DC85C /* NSImage+WebCache.m in Sources */ = {isa = PBXBuildFile; fileRef = F700AEB81EB2F012008DC85C /* NSImage+WebCache.m */; };
		F700AEFA1EB2F012008DC85C /* SDImageCache.m in Sources */ = {isa = PBXBuildFile; fileRef = F700AEBA1EB2F012008DC85C /* SDImageCache.m */; };
		F700AEFB1EB2F012008DC85C /* SDImageCacheConfig.m in Sources */ = {isa = PBXBuildFile; fileRef = F700AEBC1EB2F012008DC85C /* SDImageCacheConfig.m */; };
		F700AEFC1EB2F012008DC85C /* SDWebImageCompat.m in Sources */ = {isa = PBXBuildFile; fileRef = F700AEBE1EB2F012008DC85C /* SDWebImageCompat.m */; };
		F700AEFD1EB2F012008DC85C /* SDWebImageDecoder.m in Sources */ = {isa = PBXBuildFile; fileRef = F700AEC01EB2F012008DC85C /* SDWebImageDecoder.m */; };
		F700AEFE1EB2F012008DC85C /* SDWebImageDownloader.m in Sources */ = {isa = PBXBuildFile; fileRef = F700AEC21EB2F012008DC85C /* SDWebImageDownloader.m */; };
		F700AEFF1EB2F012008DC85C /* SDWebImageDownloaderOperation.m in Sources */ = {isa = PBXBuildFile; fileRef = F700AEC41EB2F012008DC85C /* SDWebImageDownloaderOperation.m */; };
		F700AF001EB2F012008DC85C /* SDWebImageManager.m in Sources */ = {isa = PBXBuildFile; fileRef = F700AEC61EB2F012008DC85C /* SDWebImageManager.m */; };
		F700AF011EB2F012008DC85C /* SDWebImagePrefetcher.m in Sources */ = {isa = PBXBuildFile; fileRef = F700AEC91EB2F012008DC85C /* SDWebImagePrefetcher.m */; };
		F700AF021EB2F012008DC85C /* UIButton+WebCache.m in Sources */ = {isa = PBXBuildFile; fileRef = F700AECB1EB2F012008DC85C /* UIButton+WebCache.m */; };
		F700AF031EB2F012008DC85C /* UIImage+GIF.m in Sources */ = {isa = PBXBuildFile; fileRef = F700AECD1EB2F012008DC85C /* UIImage+GIF.m */; };
		F700AF041EB2F012008DC85C /* UIImage+MultiFormat.m in Sources */ = {isa = PBXBuildFile; fileRef = F700AECF1EB2F012008DC85C /* UIImage+MultiFormat.m */; };
		F700AF051EB2F012008DC85C /* UIImage+WebP.m in Sources */ = {isa = PBXBuildFile; fileRef = F700AED11EB2F012008DC85C /* UIImage+WebP.m */; };
		F700AF061EB2F012008DC85C /* UIImageView+HighlightedWebCache.m in Sources */ = {isa = PBXBuildFile; fileRef = F700AED31EB2F012008DC85C /* UIImageView+HighlightedWebCache.m */; };
		F700AF071EB2F012008DC85C /* UIImageView+WebCache.m in Sources */ = {isa = PBXBuildFile; fileRef = F700AED51EB2F012008DC85C /* UIImageView+WebCache.m */; };
		F700AF081EB2F012008DC85C /* UIView+WebCache.m in Sources */ = {isa = PBXBuildFile; fileRef = F700AED71EB2F012008DC85C /* UIView+WebCache.m */; };
		F700AF091EB2F012008DC85C /* UIView+WebCacheOperation.m in Sources */ = {isa = PBXBuildFile; fileRef = F700AED91EB2F012008DC85C /* UIView+WebCacheOperation.m */; };
		F700AF0F1EB2F012008DC85C /* TBMovieCell.swift in Sources */ = {isa = PBXBuildFile; fileRef = F700AEE61EB2F012008DC85C /* TBMovieCell.swift */; };
		F700AF101EB2F012008DC85C /* TPKeyboardAvoidingCollectionView.m in Sources */ = {isa = PBXBuildFile; fileRef = F700AEE91EB2F012008DC85C /* TPKeyboardAvoidingCollectionView.m */; };
		F700AF111EB2F012008DC85C /* TPKeyboardAvoidingScrollView.m in Sources */ = {isa = PBXBuildFile; fileRef = F700AEEB1EB2F012008DC85C /* TPKeyboardAvoidingScrollView.m */; };
		F700AF121EB2F012008DC85C /* TPKeyboardAvoidingTableView.m in Sources */ = {isa = PBXBuildFile; fileRef = F700AEED1EB2F012008DC85C /* TPKeyboardAvoidingTableView.m */; };
		F700AF131EB2F012008DC85C /* UIScrollView+TPKeyboardAvoidingAdditions.m in Sources */ = {isa = PBXBuildFile; fileRef = F700AEEF1EB2F012008DC85C /* UIScrollView+TPKeyboardAvoidingAdditions.m */; };
/* End PBXBuildFile section */

/* Begin PBXFileReference section */
		F700AE8F1EB2EF9A008DC85C /* Movie Info.app */ = {isa = PBXFileReference; explicitFileType = wrapper.application; includeInIndex = 0; path = "Movie Info.app"; sourceTree = BUILT_PRODUCTS_DIR; };
		F700AE991EB2EF9A008DC85C /* Base */ = {isa = PBXFileReference; lastKnownFileType = file.storyboard; name = Base; path = Base.lproj/Main.storyboard; sourceTree = "<group>"; };
		F700AE9B1EB2EF9A008DC85C /* Assets.xcassets */ = {isa = PBXFileReference; lastKnownFileType = folder.assetcatalog; path = Assets.xcassets; sourceTree = "<group>"; };
		F700AE9E1EB2EF9A008DC85C /* Base */ = {isa = PBXFileReference; lastKnownFileType = file.storyboard; name = Base; path = Base.lproj/LaunchScreen.storyboard; sourceTree = "<group>"; };
		F700AEA01EB2EF9A008DC85C /* Info.plist */ = {isa = PBXFileReference; lastKnownFileType = text.plist.xml; path = Info.plist; sourceTree = "<group>"; };
		F700AEA61EB2EFC3008DC85C /* Movie Info-Bridging-Header.h */ = {isa = PBXFileReference; lastKnownFileType = sourcecode.c.h; path = "Movie Info-Bridging-Header.h"; sourceTree = "<group>"; };
		F700AEAB1EB2F011008DC85C /* AppDelegate.swift */ = {isa = PBXFileReference; fileEncoding = 4; lastKnownFileType = sourcecode.swift; path = AppDelegate.swift; sourceTree = "<group>"; };
		F700AEAC1EB2F011008DC85C /* DetailViewController.swift */ = {isa = PBXFileReference; fileEncoding = 4; lastKnownFileType = sourcecode.swift; path = DetailViewController.swift; sourceTree = "<group>"; };
		F700AEAD1EB2F011008DC85C /* MasterViewController.swift */ = {isa = PBXFileReference; fileEncoding = 4; lastKnownFileType = sourcecode.swift; path = MasterViewController.swift; sourceTree = "<group>"; };
		F700AEAF1EB2F011008DC85C /* Constant.swift */ = {isa = PBXFileReference; fileEncoding = 4; lastKnownFileType = sourcecode.swift; path = Constant.swift; sourceTree = "<group>"; };
		F700AEB01EB2F011008DC85C /* Reachability.swift */ = {isa = PBXFileReference; fileEncoding = 4; lastKnownFileType = sourcecode.swift; path = Reachability.swift; sourceTree = "<group>"; };
		F700AEB31EB2F011008DC85C /* MKAnnotationView+WebCache.h */ = {isa = PBXFileReference; fileEncoding = 4; lastKnownFileType = sourcecode.c.h; path = "MKAnnotationView+WebCache.h"; sourceTree = "<group>"; };
		F700AEB41EB2F011008DC85C /* MKAnnotationView+WebCache.m */ = {isa = PBXFileReference; fileEncoding = 4; lastKnownFileType = sourcecode.c.objc; path = "MKAnnotationView+WebCache.m"; sourceTree = "<group>"; };
		F700AEB51EB2F011008DC85C /* NSData+ImageContentType.h */ = {isa = PBXFileReference; fileEncoding = 4; lastKnownFileType = sourcecode.c.h; path = "NSData+ImageContentType.h"; sourceTree = "<group>"; };
		F700AEB61EB2F012008DC85C /* NSData+ImageContentType.m */ = {isa = PBXFileReference; fileEncoding = 4; lastKnownFileType = sourcecode.c.objc; path = "NSData+ImageContentType.m"; sourceTree = "<group>"; };
		F700AEB71EB2F012008DC85C /* NSImage+WebCache.h */ = {isa = PBXFileReference; fileEncoding = 4; lastKnownFileType = sourcecode.c.h; path = "NSImage+WebCache.h"; sourceTree = "<group>"; };
		F700AEB81EB2F012008DC85C /* NSImage+WebCache.m */ = {isa = PBXFileReference; fileEncoding = 4; lastKnownFileType = sourcecode.c.objc; path = "NSImage+WebCache.m"; sourceTree = "<group>"; };
		F700AEB91EB2F012008DC85C /* SDImageCache.h */ = {isa = PBXFileReference; fileEncoding = 4; lastKnownFileType = sourcecode.c.h; path = SDImageCache.h; sourceTree = "<group>"; };
		F700AEBA1EB2F012008DC85C /* SDImageCache.m */ = {isa = PBXFileReference; fileEncoding = 4; lastKnownFileType = sourcecode.c.objc; path = SDImageCache.m; sourceTree = "<group>"; };
		F700AEBB1EB2F012008DC85C /* SDImageCacheConfig.h */ = {isa = PBXFileReference; fileEncoding = 4; lastKnownFileType = sourcecode.c.h; path = SDImageCacheConfig.h; sourceTree = "<group>"; };
		F700AEBC1EB2F012008DC85C /* SDImageCacheConfig.m */ = {isa = PBXFileReference; fileEncoding = 4; lastKnownFileType = sourcecode.c.objc; path = SDImageCacheConfig.m; sourceTree = "<group>"; };
		F700AEBD1EB2F012008DC85C /* SDWebImageCompat.h */ = {isa = PBXFileReference; fileEncoding = 4; lastKnownFileType = sourcecode.c.h; path = SDWebImageCompat.h; sourceTree = "<group>"; };
		F700AEBE1EB2F012008DC85C /* SDWebImageCompat.m */ = {isa = PBXFileReference; fileEncoding = 4; lastKnownFileType = sourcecode.c.objc; path = SDWebImageCompat.m; sourceTree = "<group>"; };
		F700AEBF1EB2F012008DC85C /* SDWebImageDecoder.h */ = {isa = PBXFileReference; fileEncoding = 4; lastKnownFileType = sourcecode.c.h; path = SDWebImageDecoder.h; sourceTree = "<group>"; };
		F700AEC01EB2F012008DC85C /* SDWebImageDecoder.m */ = {isa = PBXFileReference; fileEncoding = 4; lastKnownFileType = sourcecode.c.objc; path = SDWebImageDecoder.m; sourceTree = "<group>"; };
		F700AEC11EB2F012008DC85C /* SDWebImageDownloader.h */ = {isa = PBXFileReference; fileEncoding = 4; lastKnownFileType = sourcecode.c.h; path = SDWebImageDownloader.h; sourceTree = "<group>"; };
		F700AEC21EB2F012008DC85C /* SDWebImageDownloader.m */ = {isa = PBXFileReference; fileEncoding = 4; lastKnownFileType = sourcecode.c.objc; path = SDWebImageDownloader.m; sourceTree = "<group>"; };
		F700AEC31EB2F012008DC85C /* SDWebImageDownloaderOperation.h */ = {isa = PBXFileReference; fileEncoding = 4; lastKnownFileType = sourcecode.c.h; path = SDWebImageDownloaderOperation.h; sourceTree = "<group>"; };
		F700AEC41EB2F012008DC85C /* SDWebImageDownloaderOperation.m */ = {isa = PBXFileReference; fileEncoding = 4; lastKnownFileType = sourcecode.c.objc; path = SDWebImageDownloaderOperation.m; sourceTree = "<group>"; };
		F700AEC51EB2F012008DC85C /* SDWebImageManager.h */ = {isa = PBXFileReference; fileEncoding = 4; lastKnownFileType = sourcecode.c.h; path = SDWebImageManager.h; sourceTree = "<group>"; };
		F700AEC61EB2F012008DC85C /* SDWebImageManager.m */ = {isa = PBXFileReference; fileEncoding = 4; lastKnownFileType = sourcecode.c.objc; path = SDWebImageManager.m; sourceTree = "<group>"; };
		F700AEC71EB2F012008DC85C /* SDWebImageOperation.h */ = {isa = PBXFileReference; fileEncoding = 4; lastKnownFileType = sourcecode.c.h; path = SDWebImageOperation.h; sourceTree = "<group>"; };
		F700AEC81EB2F012008DC85C /* SDWebImagePrefetcher.h */ = {isa = PBXFileReference; fileEncoding = 4; lastKnownFileType = sourcecode.c.h; path = SDWebImagePrefetcher.h; sourceTree = "<group>"; };
		F700AEC91EB2F012008DC85C /* SDWebImagePrefetcher.m */ = {isa = PBXFileReference; fileEncoding = 4; lastKnownFileType = sourcecode.c.objc; path = SDWebImagePrefetcher.m; sourceTree = "<group>"; };
		F700AECA1EB2F012008DC85C /* UIButton+WebCache.h */ = {isa = PBXFileReference; fileEncoding = 4; lastKnownFileType = sourcecode.c.h; path = "UIButton+WebCache.h"; sourceTree = "<group>"; };
		F700AECB1EB2F012008DC85C /* UIButton+WebCache.m */ = {isa = PBXFileReference; fileEncoding = 4; lastKnownFileType = sourcecode.c.objc; path = "UIButton+WebCache.m"; sourceTree = "<group>"; };
		F700AECC1EB2F012008DC85C /* UIImage+GIF.h */ = {isa = PBXFileReference; fileEncoding = 4; lastKnownFileType = sourcecode.c.h; path = "UIImage+GIF.h"; sourceTree = "<group>"; };
		F700AECD1EB2F012008DC85C /* UIImage+GIF.m */ = {isa = PBXFileReference; fileEncoding = 4; lastKnownFileType = sourcecode.c.objc; path = "UIImage+GIF.m"; sourceTree = "<group>"; };
		F700AECE1EB2F012008DC85C /* UIImage+MultiFormat.h */ = {isa = PBXFileReference; fileEncoding = 4; lastKnownFileType = sourcecode.c.h; path = "UIImage+MultiFormat.h"; sourceTree = "<group>"; };
		F700AECF1EB2F012008DC85C /* UIImage+MultiFormat.m */ = {isa = PBXFileReference; fileEncoding = 4; lastKnownFileType = sourcecode.c.objc; path = "UIImage+MultiFormat.m"; sourceTree = "<group>"; };
		F700AED01EB2F012008DC85C /* UIImage+WebP.h */ = {isa = PBXFileReference; fileEncoding = 4; lastKnownFileType = sourcecode.c.h; path = "UIImage+WebP.h"; sourceTree = "<group>"; };
		F700AED11EB2F012008DC85C /* UIImage+WebP.m */ = {isa = PBXFileReference; fileEncoding = 4; lastKnownFileType = sourcecode.c.objc; path = "UIImage+WebP.m"; sourceTree = "<group>"; };
		F700AED21EB2F012008DC85C /* UIImageView+HighlightedWebCache.h */ = {isa = PBXFileReference; fileEncoding = 4; lastKnownFileType = sourcecode.c.h; path = "UIImageView+HighlightedWebCache.h"; sourceTree = "<group>"; };
		F700AED31EB2F012008DC85C /* UIImageView+HighlightedWebCache.m */ = {isa = PBXFileReference; fileEncoding = 4; lastKnownFileType = sourcecode.c.objc; path = "UIImageView+HighlightedWebCache.m"; sourceTree = "<group>"; };
		F700AED41EB2F012008DC85C /* UIImageView+WebCache.h */ = {isa = PBXFileReference; fileEncoding = 4; lastKnownFileType = sourcecode.c.h; path = "UIImageView+WebCache.h"; sourceTree = "<group>"; };
		F700AED51EB2F012008DC85C /* UIImageView+WebCache.m */ = {isa = PBXFileReference; fileEncoding = 4; lastKnownFileType = sourcecode.c.objc; path = "UIImageView+WebCache.m"; sourceTree = "<group>"; };
		F700AED61EB2F012008DC85C /* UIView+WebCache.h */ = {isa = PBXFileReference; fileEncoding = 4; lastKnownFileType = sourcecode.c.h; path = "UIView+WebCache.h"; sourceTree = "<group>"; };
		F700AED71EB2F012008DC85C /* UIView+WebCache.m */ = {isa = PBXFileReference; fileEncoding = 4; lastKnownFileType = sourcecode.c.objc; path = "UIView+WebCache.m"; sourceTree = "<group>"; };
		F700AED81EB2F012008DC85C /* UIView+WebCacheOperation.h */ = {isa = PBXFileReference; fileEncoding = 4; lastKnownFileType = sourcecode.c.h; path = "UIView+WebCacheOperation.h"; sourceTree = "<group>"; };
		F700AED91EB2F012008DC85C /* UIView+WebCacheOperation.m */ = {isa = PBXFileReference; fileEncoding = 4; lastKnownFileType = sourcecode.c.objc; path = "UIView+WebCacheOperation.m"; sourceTree = "<group>"; };
		F700AEE61EB2F012008DC85C /* TBMovieCell.swift */ = {isa = PBXFileReference; fileEncoding = 4; lastKnownFileType = sourcecode.swift; path = TBMovieCell.swift; sourceTree = "<group>"; };
		F700AEE81EB2F012008DC85C /* TPKeyboardAvoidingCollectionView.h */ = {isa = PBXFileReference; fileEncoding = 4; lastKnownFileType = sourcecode.c.h; path = TPKeyboardAvoidingCollectionView.h; sourceTree = "<group>"; };
		F700AEE91EB2F012008DC85C /* TPKeyboardAvoidingCollectionView.m */ = {isa = PBXFileReference; fileEncoding = 4; lastKnownFileType = sourcecode.c.objc; path = TPKeyboardAvoidingCollectionView.m; sourceTree = "<group>"; };
		F700AEEA1EB2F012008DC85C /* TPKeyboardAvoidingScrollView.h */ = {isa = PBXFileReference; fileEncoding = 4; lastKnownFileType = sourcecode.c.h; path = TPKeyboardAvoidingScrollView.h; sourceTree = "<group>"; };
		F700AEEB1EB2F012008DC85C /* TPKeyboardAvoidingScrollView.m */ = {isa = PBXFileReference; fileEncoding = 4; lastKnownFileType = sourcecode.c.objc; path = TPKeyboardAvoidingScrollView.m; sourceTree = "<group>"; };
		F700AEEC1EB2F012008DC85C /* TPKeyboardAvoidingTableView.h */ = {isa = PBXFileReference; fileEncoding = 4; lastKnownFileType = sourcecode.c.h; path = TPKeyboardAvoidingTableView.h; sourceTree = "<group>"; };
		F700AEED1EB2F012008DC85C /* TPKeyboardAvoidingTableView.m */ = {isa = PBXFileReference; fileEncoding = 4; lastKnownFileType = sourcecode.c.objc; path = TPKeyboardAvoidingTableView.m; sourceTree = "<group>"; };
		F700AEEE1EB2F012008DC85C /* UIScrollView+TPKeyboardAvoidingAdditions.h */ = {isa = PBXFileReference; fileEncoding = 4; lastKnownFileType = sourcecode.c.h; path = "UIScrollView+TPKeyboardAvoidingAdditions.h"; sourceTree = "<group>"; };
		F700AEEF1EB2F012008DC85C /* UIScrollView+TPKeyboardAvoidingAdditions.m */ = {isa = PBXFileReference; fileEncoding = 4; lastKnownFileType = sourcecode.c.objc; path = "UIScrollView+TPKeyboardAvoidingAdditions.m"; sourceTree = "<group>"; };
/* End PBXFileReference section */

/* Begin PBXFrameworksBuildPhase section */
		F700AE8C1EB2EF9A008DC85C /* Frameworks */ = {
			isa = PBXFrameworksBuildPhase;
			buildActionMask = 2147483647;
			files = (
			);
			runOnlyForDeploymentPostprocessing = 0;
		};
/* End PBXFrameworksBuildPhase section */

/* Begin PBXGroup section */
		F700AE861EB2EF9A008DC85C = {
			isa = PBXGroup;
			children = (
				F700AE911EB2EF9A008DC85C /* Movie Info */,
				F700AE901EB2EF9A008DC85C /* Products */,
			);
			sourceTree = "<group>";
		};
		F700AE901EB2EF9A008DC85C /* Products */ = {
			isa = PBXGroup;
			children = (
				F700AE8F1EB2EF9A008DC85C /* Movie Info.app */,
			);
			name = Products;
			sourceTree = "<group>";
		};
		F700AE911EB2EF9A008DC85C /* Movie Info */ = {
			isa = PBXGroup;
			children = (
				F700AEA61EB2EFC3008DC85C /* Movie Info-Bridging-Header.h */,
				F700AEAA1EB2F011008DC85C /* Controller */,
				F700AEAE1EB2F011008DC85C /* CustomClasses */,
				F700AEF01EB2F012008DC85C /* Modal */,
				F700AEF11EB2F012008DC85C /* View */,
				F700AE9B1EB2EF9A008DC85C /* Assets.xcassets */,
				F700AEA01EB2EF9A008DC85C /* Info.plist */,
			);
			path = "Movie Info";
			sourceTree = "<group>";
		};
		F700AEAA1EB2F011008DC85C /* Controller */ = {
			isa = PBXGroup;
			children = (
				F700AEAB1EB2F011008DC85C /* AppDelegate.swift */,
				F700AEAC1EB2F011008DC85C /* DetailViewController.swift */,
				F700AEAD1EB2F011008DC85C /* MasterViewController.swift */,
			);
			path = Controller;
			sourceTree = "<group>";
		};
		F700AEAE1EB2F011008DC85C /* CustomClasses */ = {
			isa = PBXGroup;
			children = (
				F700AEE51EB2F012008DC85C /* TableviewCell */,
				F700AEAF1EB2F011008DC85C /* Constant.swift */,
				F700AEB01EB2F011008DC85C /* Reachability.swift */,
				F700AEB11EB2F011008DC85C /* SDWebImage */,
				F700AEE71EB2F012008DC85C /* TPKeyboardAvoiding */,
			);
			path = CustomClasses;
			sourceTree = "<group>";
		};
		F700AEB11EB2F011008DC85C /* SDWebImage */ = {
			isa = PBXGroup;
			children = (
				F700AEB21EB2F011008DC85C /* FLAnimatedImage */,
				F700AEB31EB2F011008DC85C /* MKAnnotationView+WebCache.h */,
				F700AEB41EB2F011008DC85C /* MKAnnotationView+WebCache.m */,
				F700AEB51EB2F011008DC85C /* NSData+ImageContentType.h */,
				F700AEB61EB2F012008DC85C /* NSData+ImageContentType.m */,
				F700AEB71EB2F012008DC85C /* NSImage+WebCache.h */,
				F700AEB81EB2F012008DC85C /* NSImage+WebCache.m */,
				F700AEB91EB2F012008DC85C /* SDImageCache.h */,
				F700AEBA1EB2F012008DC85C /* SDImageCache.m */,
				F700AEBB1EB2F012008DC85C /* SDImageCacheConfig.h */,
				F700AEBC1EB2F012008DC85C /* SDImageCacheConfig.m */,
				F700AEBD1EB2F012008DC85C /* SDWebImageCompat.h */,
				F700AEBE1EB2F012008DC85C /* SDWebImageCompat.m */,
				F700AEBF1EB2F012008DC85C /* SDWebImageDecoder.h */,
				F700AEC01EB2F012008DC85C /* SDWebImageDecoder.m */,
				F700AEC11EB2F012008DC85C /* SDWebImageDownloader.h */,
				F700AEC21EB2F012008DC85C /* SDWebImageDownloader.m */,
				F700AEC31EB2F012008DC85C /* SDWebImageDownloaderOperation.h */,
				F700AEC41EB2F012008DC85C /* SDWebImageDownloaderOperation.m */,
				F700AEC51EB2F012008DC85C /* SDWebImageManager.h */,
				F700AEC61EB2F012008DC85C /* SDWebImageManager.m */,
				F700AEC71EB2F012008DC85C /* SDWebImageOperation.h */,
				F700AEC81EB2F012008DC85C /* SDWebImagePrefetcher.h */,
				F700AEC91EB2F012008DC85C /* SDWebImagePrefetcher.m */,
				F700AECA1EB2F012008DC85C /* UIButton+WebCache.h */,
				F700AECB1EB2F012008DC85C /* UIButton+WebCache.m */,
				F700AECC1EB2F012008DC85C /* UIImage+GIF.h */,
				F700AECD1EB2F012008DC85C /* UIImage+GIF.m */,
				F700AECE1EB2F012008DC85C /* UIImage+MultiFormat.h */,
				F700AECF1EB2F012008DC85C /* UIImage+MultiFormat.m */,
				F700AED01EB2F012008DC85C /* UIImage+WebP.h */,
				F700AED11EB2F012008DC85C /* UIImage+WebP.m */,
				F700AED21EB2F012008DC85C /* UIImageView+HighlightedWebCache.h */,
				F700AED31EB2F012008DC85C /* UIImageView+HighlightedWebCache.m */,
				F700AED41EB2F012008DC85C /* UIImageView+WebCache.h */,
				F700AED51EB2F012008DC85C /* UIImageView+WebCache.m */,
				F700AED61EB2F012008DC85C /* UIView+WebCache.h */,
				F700AED71EB2F012008DC85C /* UIView+WebCache.m */,
				F700AED81EB2F012008DC85C /* UIView+WebCacheOperation.h */,
				F700AED91EB2F012008DC85C /* UIView+WebCacheOperation.m */,
			);
			path = SDWebImage;
			sourceTree = "<group>";
		};
		F700AEB21EB2F011008DC85C /* FLAnimatedImage */ = {
			isa = PBXGroup;
			children = (
			);
			path = FLAnimatedImage;
			sourceTree = "<group>";
		};
		F700AEE51EB2F012008DC85C /* TableviewCell */ = {
			isa = PBXGroup;
			children = (
				F700AEE61EB2F012008DC85C /* TBMovieCell.swift */,
			);
			path = TableviewCell;
			sourceTree = "<group>";
		};
		F700AEE71EB2F012008DC85C /* TPKeyboardAvoiding */ = {
			isa = PBXGroup;
			children = (
				F700AEE81EB2F012008DC85C /* TPKeyboardAvoidingCollectionView.h */,
				F700AEE91EB2F012008DC85C /* TPKeyboardAvoidingCollectionView.m */,
				F700AEEA1EB2F012008DC85C /* TPKeyboardAvoidingScrollView.h */,
				F700AEEB1EB2F012008DC85C /* TPKeyboardAvoidingScrollView.m */,
				F700AEEC1EB2F012008DC85C /* TPKeyboardAvoidingTableView.h */,
				F700AEED1EB2F012008DC85C /* TPKeyboardAvoidingTableView.m */,
				F700AEEE1EB2F012008DC85C /* UIScrollView+TPKeyboardAvoidingAdditions.h */,
				F700AEEF1EB2F012008DC85C /* UIScrollView+TPKeyboardAvoidingAdditions.m */,
			);
			path = TPKeyboardAvoiding;
			sourceTree = "<group>";
		};
		F700AEF01EB2F012008DC85C /* Modal */ = {
			isa = PBXGroup;
			children = (
			);
			path = Modal;
			sourceTree = "<group>";
		};
		F700AEF11EB2F012008DC85C /* View */ = {
			isa = PBXGroup;
			children = (
				F700AE981EB2EF9A008DC85C /* Main.storyboard */,
				F700AE9D1EB2EF9A008DC85C /* LaunchScreen.storyboard */,
			);
			path = View;
			sourceTree = "<group>";
		};
/* End PBXGroup section */

/* Begin PBXNativeTarget section */
		F700AE8E1EB2EF9A008DC85C /* Movie Info */ = {
			isa = PBXNativeTarget;
			buildConfigurationList = F700AEA31EB2EF9A008DC85C /* Build configuration list for PBXNativeTarget "Movie Info" */;
			buildPhases = (
				F700AE8B1EB2EF9A008DC85C /* Sources */,
				F700AE8C1EB2EF9A008DC85C /* Frameworks */,
				F700AE8D1EB2EF9A008DC85C /* Resources */,
			);
			buildRules = (
			);
			dependencies = (
			);
			name = "Movie Info";
			productName = "Movie Info";
			productReference = F700AE8F1EB2EF9A008DC85C /* Movie Info.app */;
			productType = "com.apple.product-type.application";
		};
/* End PBXNativeTarget section */

/* Begin PBXProject section */
		F700AE871EB2EF9A008DC85C /* Project object */ = {
			isa = PBXProject;
			attributes = {
				LastSwiftUpdateCheck = 0830;
				LastUpgradeCheck = 0830;
				ORGANIZATIONNAME = "Tanna Inc";
				TargetAttributes = {
					F700AE8E1EB2EF9A008DC85C = {
						CreatedOnToolsVersion = 8.3.2;
						DevelopmentTeam = P87L74H9YS;
						LastSwiftMigration = 0830;
						ProvisioningStyle = Automatic;
					};
				};
			};
			buildConfigurationList = F700AE8A1EB2EF9A008DC85C /* Build configuration list for PBXProject "Movie Info" */;
			compatibilityVersion = "Xcode 3.2";
			developmentRegion = English;
			hasScannedForEncodings = 0;
			knownRegions = (
				en,
				Base,
			);
			mainGroup = F700AE861EB2EF9A008DC85C;
			productRefGroup = F700AE901EB2EF9A008DC85C /* Products */;
			projectDirPath = "";
			projectRoot = "";
			targets = (
				F700AE8E1EB2EF9A008DC85C /* Movie Info */,
			);
		};
/* End PBXProject section */

/* Begin PBXResourcesBuildPhase section */
		F700AE8D1EB2EF9A008DC85C /* Resources */ = {
			isa = PBXResourcesBuildPhase;
			buildActionMask = 2147483647;
			files = (
				F700AE9F1EB2EF9A008DC85C /* LaunchScreen.storyboard in Resources */,
				F700AE9C1EB2EF9A008DC85C /* Assets.xcassets in Resources */,
				F700AE9A1EB2EF9A008DC85C /* Main.storyboard in Resources */,
			);
			runOnlyForDeploymentPostprocessing = 0;
		};
/* End PBXResourcesBuildPhase section */

/* Begin PBXSourcesBuildPhase section */
		F700AE8B1EB2EF9A008DC85C /* Sources */ = {
			isa = PBXSourcesBuildPhase;
			buildActionMask = 2147483647;
			files = (
				F700AF121EB2F012008DC85C /* TPKeyboardAvoidingTableView.m in Sources */,
				F700AF111EB2F012008DC85C /* TPKeyboardAvoidingScrollView.m in Sources */,
				F700AF071EB2F012008DC85C /* UIImageView+WebCache.m in Sources */,
				F700AF031EB2F012008DC85C /* UIImage+GIF.m in Sources */,
				F700AEFC1EB2F012008DC85C /* SDWebImageCompat.m in Sources */,
				F700AF021EB2F012008DC85C /* UIButton+WebCache.m in Sources */,
				F700AF091EB2F012008DC85C /* UIView+WebCacheOperation.m in Sources */,
				F700AF041EB2F012008DC85C /* UIImage+MultiFormat.m in Sources */,
				F700AF011EB2F012008DC85C /* SDWebImagePrefetcher.m in Sources */,
				F700AF101EB2F012008DC85C /* TPKeyboardAvoidingCollectionView.m in Sources */,
				F700AEF21EB2F012008DC85C /* AppDelegate.swift in Sources */,
				F700AEFA1EB2F012008DC85C /* SDImageCache.m in Sources */,
				F700AF051EB2F012008DC85C /* UIImage+WebP.m in Sources */,
				F700AF131EB2F012008DC85C /* UIScrollView+TPKeyboardAvoidingAdditions.m in Sources */,
				F700AEF31EB2F012008DC85C /* DetailViewController.swift in Sources */,
				F700AF081EB2F012008DC85C /* UIView+WebCache.m in Sources */,
				F700AEFF1EB2F012008DC85C /* SDWebImageDownloaderOperation.m in Sources */,
				F700AEFD1EB2F012008DC85C /* SDWebImageDecoder.m in Sources */,
				F700AEF41EB2F012008DC85C /* MasterViewController.swift in Sources */,
				F700AF061EB2F012008DC85C /* UIImageView+HighlightedWebCache.m in Sources */,
				F700AEF61EB2F012008DC85C /* Reachability.swift in Sources */,
				F700AEFE1EB2F012008DC85C /* SDWebImageDownloader.m in Sources */,
				F700AEFB1EB2F012008DC85C /* SDImageCacheConfig.m in Sources */,
				F700AEF81EB2F012008DC85C /* NSData+ImageContentType.m in Sources */,
				F700AEF51EB2F012008DC85C /* Constant.swift in Sources */,
				F700AF001EB2F012008DC85C /* SDWebImageManager.m in Sources */,
				F700AEF91EB2F012008DC85C /* NSImage+WebCache.m in Sources */,
				F700AEF71EB2F012008DC85C /* MKAnnotationView+WebCache.m in Sources */,
				F700AF0F1EB2F012008DC85C /* TBMovieCell.swift in Sources */,
			);
			runOnlyForDeploymentPostprocessing = 0;
		};
/* End PBXSourcesBuildPhase section */

/* Begin PBXVariantGroup section */
		F700AE981EB2EF9A008DC85C /* Main.storyboard */ = {
			isa = PBXVariantGroup;
			children = (
				F700AE991EB2EF9A008DC85C /* Base */,
			);
			name = Main.storyboard;
			path = ..;
			sourceTree = "<group>";
		};
		F700AE9D1EB2EF9A008DC85C /* LaunchScreen.storyboard */ = {
			isa = PBXVariantGroup;
			children = (
				F700AE9E1EB2EF9A008DC85C /* Base */,
			);
			name = LaunchScreen.storyboard;
			path = ..;
			sourceTree = "<group>";
		};
/* End PBXVariantGroup section */

/* Begin XCBuildConfiguration section */
		F700AEA11EB2EF9A008DC85C /* Debug */ = {
			isa = XCBuildConfiguration;
			buildSettings = {
				ALWAYS_SEARCH_USER_PATHS = NO;
				CLANG_ANALYZER_NONNULL = YES;
				CLANG_ANALYZER_NUMBER_OBJECT_CONVERSION = YES_AGGRESSIVE;
				CLANG_CXX_LANGUAGE_STANDARD = "gnu++0x";
				CLANG_CXX_LIBRARY = "libc++";
				CLANG_ENABLE_MODULES = YES;
				CLANG_ENABLE_OBJC_ARC = YES;
				CLANG_WARN_BOOL_CONVERSION = YES;
				CLANG_WARN_CONSTANT_CONVERSION = YES;
				CLANG_WARN_DIRECT_OBJC_ISA_USAGE = YES_ERROR;
				CLANG_WARN_DOCUMENTATION_COMMENTS = YES;
				CLANG_WARN_EMPTY_BODY = YES;
				CLANG_WARN_ENUM_CONVERSION = YES;
				CLANG_WARN_INFINITE_RECURSION = YES;
				CLANG_WARN_INT_CONVERSION = YES;
				CLANG_WARN_OBJC_ROOT_CLASS = YES_ERROR;
				CLANG_WARN_SUSPICIOUS_MOVE = YES;
				CLANG_WARN_UNREACHABLE_CODE = YES;
				CLANG_WARN__DUPLICATE_METHOD_MATCH = YES;
				"CODE_SIGN_IDENTITY[sdk=iphoneos*]" = "iPhone Developer";
				COPY_PHASE_STRIP = NO;
				DEBUG_INFORMATION_FORMAT = dwarf;
				ENABLE_STRICT_OBJC_MSGSEND = YES;
				ENABLE_TESTABILITY = YES;
				GCC_C_LANGUAGE_STANDARD = gnu99;
				GCC_DYNAMIC_NO_PIC = NO;
				GCC_NO_COMMON_BLOCKS = YES;
				GCC_OPTIMIZATION_LEVEL = 0;
				GCC_PREPROCESSOR_DEFINITIONS = (
					"DEBUG=1",
					"$(inherited)",
				);
				GCC_WARN_64_TO_32_BIT_CONVERSION = YES;
				GCC_WARN_ABOUT_RETURN_TYPE = YES_ERROR;
				GCC_WARN_UNDECLARED_SELECTOR = YES;
				GCC_WARN_UNINITIALIZED_AUTOS = YES_AGGRESSIVE;
				GCC_WARN_UNUSED_FUNCTION = YES;
				GCC_WARN_UNUSED_VARIABLE = YES;
				IPHONEOS_DEPLOYMENT_TARGET = 10.3;
				MTL_ENABLE_DEBUG_INFO = YES;
				ONLY_ACTIVE_ARCH = YES;
				SDKROOT = iphoneos;
				SWIFT_ACTIVE_COMPILATION_CONDITIONS = DEBUG;
				SWIFT_OPTIMIZATION_LEVEL = "-Onone";
			};
			name = Debug;
		};
		F700AEA21EB2EF9A008DC85C /* Release */ = {
			isa = XCBuildConfiguration;
			buildSettings = {
				ALWAYS_SEARCH_USER_PATHS = NO;
				CLANG_ANALYZER_NONNULL = YES;
				CLANG_ANALYZER_NUMBER_OBJECT_CONVERSION = YES_AGGRESSIVE;
				CLANG_CXX_LANGUAGE_STANDARD = "gnu++0x";
				CLANG_CXX_LIBRARY = "libc++";
				CLANG_ENABLE_MODULES = YES;
				CLANG_ENABLE_OBJC_ARC = YES;
				CLANG_WARN_BOOL_CONVERSION = YES;
				CLANG_WARN_CONSTANT_CONVERSION = YES;
				CLANG_WARN_DIRECT_OBJC_ISA_USAGE = YES_ERROR;
				CLANG_WARN_DOCUMENTATION_COMMENTS = YES;
				CLANG_WARN_EMPTY_BODY = YES;
				CLANG_WARN_ENUM_CONVERSION = YES;
				CLANG_WARN_INFINITE_RECURSION = YES;
				CLANG_WARN_INT_CONVERSION = YES;
				CLANG_WARN_OBJC_ROOT_CLASS = YES_ERROR;
				CLANG_WARN_SUSPICIOUS_MOVE = YES;
				CLANG_WARN_UNREACHABLE_CODE = YES;
				CLANG_WARN__DUPLICATE_METHOD_MATCH = YES;
				"CODE_SIGN_IDENTITY[sdk=iphoneos*]" = "iPhone Developer";
				COPY_PHASE_STRIP = NO;
				DEBUG_INFORMATION_FORMAT = "dwarf-with-dsym";
				ENABLE_NS_ASSERTIONS = NO;
				ENABLE_STRICT_OBJC_MSGSEND = YES;
				GCC_C_LANGUAGE_STANDARD = gnu99;
				GCC_NO_COMMON_BLOCKS = YES;
				GCC_WARN_64_TO_32_BIT_CONVERSION = YES;
				GCC_WARN_ABOUT_RETURN_TYPE = YES_ERROR;
				GCC_WARN_UNDECLARED_SELECTOR = YES;
				GCC_WARN_UNINITIALIZED_AUTOS = YES_AGGRESSIVE;
				GCC_WARN_UNUSED_FUNCTION = YES;
				GCC_WARN_UNUSED_VARIABLE = YES;
				IPHONEOS_DEPLOYMENT_TARGET = 10.3;
				MTL_ENABLE_DEBUG_INFO = NO;
				SDKROOT = iphoneos;
				SWIFT_OPTIMIZATION_LEVEL = "-Owholemodule";
				VALIDATE_PRODUCT = YES;
			};
			name = Release;
		};
		F700AEA41EB2EF9A008DC85C /* Debug */ = {
			isa = XCBuildConfiguration;
			buildSettings = {
				ASSETCATALOG_COMPILER_APPICON_NAME = AppIcon;
				CLANG_ENABLE_MODULES = YES;
				DEVELOPMENT_TEAM = P87L74H9YS;
				INFOPLIST_FILE = "Movie Info/Info.plist";
				LD_RUNPATH_SEARCH_PATHS = "$(inherited) @executable_path/Frameworks";
				OTHER_LDFLAGS = "-ObjC";
				PRODUCT_BUNDLE_IDENTIFIER = "com.tanna.Movie-Info";
				PRODUCT_NAME = "$(TARGET_NAME)";
				SWIFT_OBJC_BRIDGING_HEADER = "Movie Info/Movie Info-Bridging-Header.h";
				SWIFT_OPTIMIZATION_LEVEL = "-Onone";
				SWIFT_VERSION = 3.0;
			};
			name = Debug;
		};
		F700AEA51EB2EF9A008DC85C /* Release */ = {
			isa = XCBuildConfiguration;
			buildSettings = {
				ASSETCATALOG_COMPILER_APPICON_NAME = AppIcon;
				CLANG_ENABLE_MODULES = YES;
				DEVELOPMENT_TEAM = P87L74H9YS;
				INFOPLIST_FILE = "Movie Info/Info.plist";
				LD_RUNPATH_SEARCH_PATHS = "$(inherited) @executable_path/Frameworks";
				OTHER_LDFLAGS = "-ObjC";
				PRODUCT_BUNDLE_IDENTIFIER = "com.tanna.Movie-Info";
				PRODUCT_NAME = "$(TARGET_NAME)";
				SWIFT_OBJC_BRIDGING_HEADER = "Movie Info/Movie Info-Bridging-Header.h";
				SWIFT_VERSION = 3.0;
			};
			name = Release;
		};
/* End XCBuildConfiguration section */

/* Begin XCConfigurationList section */
		F700AE8A1EB2EF9A008DC85C /* Build configuration list for PBXProject "Movie Info" */ = {
			isa = XCConfigurationList;
			buildConfigurations = (
				F700AEA11EB2EF9A008DC85C /* Debug */,
				F700AEA21EB2EF9A008DC85C /* Release */,
			);
			defaultConfigurationIsVisible = 0;
			defaultConfigurationName = Release;
		};
		F700AEA31EB2EF9A008DC85C /* Build configuration list for PBXNativeTarget "Movie Info" */ = {
			isa = XCConfigurationList;
			buildConfigurations = (
				F700AEA41EB2EF9A008DC85C /* Debug */,
				F700AEA51EB2EF9A008DC85C /* Release */,
			);
			defaultConfigurationIsVisible = 0;
			defaultConfigurationName = Release;
		};
/* End XCConfigurationList section */
	};
	rootObject = F700AE871EB2EF9A008DC85C /* Project object */;
}
